// !$*UTF8*$!
{
	archiveVersion = 1;
	classes = {
	};
	objectVersion = 50;
	objects = {

/* Begin PBXBuildFile section */
		6D8F62EE26B7AF470086C939 /* AppDelegate.swift in Sources */ = {isa = PBXBuildFile; fileRef = 6D8F62ED26B7AF470086C939 /* AppDelegate.swift */; };
		6D8F62F026B7AF470086C939 /* SceneDelegate.swift in Sources */ = {isa = PBXBuildFile; fileRef = 6D8F62EF26B7AF470086C939 /* SceneDelegate.swift */; };
		6D8F62F226B7AF470086C939 /* ViewController.swift in Sources */ = {isa = PBXBuildFile; fileRef = 6D8F62F126B7AF470086C939 /* ViewController.swift */; };
		6D8F62F526B7AF470086C939 /* Main.storyboard in Resources */ = {isa = PBXBuildFile; fileRef = 6D8F62F326B7AF470086C939 /* Main.storyboard */; };
		6D8F62F726B7AF480086C939 /* Assets.xcassets in Resources */ = {isa = PBXBuildFile; fileRef = 6D8F62F626B7AF480086C939 /* Assets.xcassets */; };
		6D8F62FA26B7AF480086C939 /* LaunchScreen.storyboard in Resources */ = {isa = PBXBuildFile; fileRef = 6D8F62F826B7AF480086C939 /* LaunchScreen.storyboard */; };
		6D8F630526B7AF480086C939 /* TipCalculatorTests.swift in Sources */ = {isa = PBXBuildFile; fileRef = 6D8F630426B7AF480086C939 /* TipCalculatorTests.swift */; };
		6D8F631026B7AF480086C939 /* TipCalculatorUITests.swift in Sources */ = {isa = PBXBuildFile; fileRef = 6D8F630F26B7AF480086C939 /* TipCalculatorUITests.swift */; };
		6D8F631E26B7B18E0086C939 /* SettingsViewController.swift in Sources */ = {isa = PBXBuildFile; fileRef = 6D8F631D26B7B18E0086C939 /* SettingsViewController.swift */; };
/* End PBXBuildFile section */

/* Begin PBXContainerItemProxy section */
		6D8F630126B7AF480086C939 /* PBXContainerItemProxy */ = {
			isa = PBXContainerItemProxy;
			containerPortal = 6D8F62E226B7AF470086C939 /* Project object */;
			proxyType = 1;
			remoteGlobalIDString = 6D8F62E926B7AF470086C939;
			remoteInfo = TipCalculator;
		};
		6D8F630C26B7AF480086C939 /* PBXContainerItemProxy */ = {
			isa = PBXContainerItemProxy;
			containerPortal = 6D8F62E226B7AF470086C939 /* Project object */;
			proxyType = 1;
			remoteGlobalIDString = 6D8F62E926B7AF470086C939;
			remoteInfo = TipCalculator;
		};
/* End PBXContainerItemProxy section */

/* Begin PBXFileReference section */
		6D8F62EA26B7AF470086C939 /* TipCalculator.app */ = {isa = PBXFileReference; explicitFileType = wrapper.application; includeInIndex = 0; path = TipCalculator.app; sourceTree = BUILT_PRODUCTS_DIR; };
		6D8F62ED26B7AF470086C939 /* AppDelegate.swift */ = {isa = PBXFileReference; lastKnownFileType = sourcecode.swift; path = AppDelegate.swift; sourceTree = "<group>"; };
		6D8F62EF26B7AF470086C939 /* SceneDelegate.swift */ = {isa = PBXFileReference; lastKnownFileType = sourcecode.swift; path = SceneDelegate.swift; sourceTree = "<group>"; };
		6D8F62F126B7AF470086C939 /* ViewController.swift */ = {isa = PBXFileReference; lastKnownFileType = sourcecode.swift; path = ViewController.swift; sourceTree = "<group>"; };
		6D8F62F426B7AF470086C939 /* Base */ = {isa = PBXFileReference; lastKnownFileType = file.storyboard; name = Base; path = Base.lproj/Main.storyboard; sourceTree = "<group>"; };
		6D8F62F626B7AF480086C939 /* Assets.xcassets */ = {isa = PBXFileReference; lastKnownFileType = folder.assetcatalog; path = Assets.xcassets; sourceTree = "<group>"; };
		6D8F62F926B7AF480086C939 /* Base */ = {isa = PBXFileReference; lastKnownFileType = file.storyboard; name = Base; path = Base.lproj/LaunchScreen.storyboard; sourceTree = "<group>"; };
		6D8F62FB26B7AF480086C939 /* Info.plist */ = {isa = PBXFileReference; lastKnownFileType = text.plist.xml; path = Info.plist; sourceTree = "<group>"; };
		6D8F630026B7AF480086C939 /* TipCalculatorTests.xctest */ = {isa = PBXFileReference; explicitFileType = wrapper.cfbundle; includeInIndex = 0; path = TipCalculatorTests.xctest; sourceTree = BUILT_PRODUCTS_DIR; };
		6D8F630426B7AF480086C939 /* TipCalculatorTests.swift */ = {isa = PBXFileReference; lastKnownFileType = sourcecode.swift; path = TipCalculatorTests.swift; sourceTree = "<group>"; };
		6D8F630626B7AF480086C939 /* Info.plist */ = {isa = PBXFileReference; lastKnownFileType = text.plist.xml; path = Info.plist; sourceTree = "<group>"; };
		6D8F630B26B7AF480086C939 /* TipCalculatorUITests.xctest */ = {isa = PBXFileReference; explicitFileType = wrapper.cfbundle; includeInIndex = 0; path = TipCalculatorUITests.xctest; sourceTree = BUILT_PRODUCTS_DIR; };
		6D8F630F26B7AF480086C939 /* TipCalculatorUITests.swift */ = {isa = PBXFileReference; lastKnownFileType = sourcecode.swift; path = TipCalculatorUITests.swift; sourceTree = "<group>"; };
		6D8F631126B7AF480086C939 /* Info.plist */ = {isa = PBXFileReference; lastKnownFileType = text.plist.xml; path = Info.plist; sourceTree = "<group>"; };
		6D8F631D26B7B18E0086C939 /* SettingsViewController.swift */ = {isa = PBXFileReference; lastKnownFileType = sourcecode.swift; path = SettingsViewController.swift; sourceTree = "<group>"; };
/* End PBXFileReference section */

/* Begin PBXFrameworksBuildPhase section */
		6D8F62E726B7AF470086C939 /* Frameworks */ = {
			isa = PBXFrameworksBuildPhase;
			buildActionMask = 2147483647;
			files = (
			);
			runOnlyForDeploymentPostprocessing = 0;
		};
		6D8F62FD26B7AF480086C939 /* Frameworks */ = {
			isa = PBXFrameworksBuildPhase;
			buildActionMask = 2147483647;
			files = (
			);
			runOnlyForDeploymentPostprocessing = 0;
		};
		6D8F630826B7AF480086C939 /* Frameworks */ = {
			isa = PBXFrameworksBuildPhase;
			buildActionMask = 2147483647;
			files = (
			);
			runOnlyForDeploymentPostprocessing = 0;
		};
/* End PBXFrameworksBuildPhase section */

/* Begin PBXGroup section */
		6D8F62E126B7AF470086C939 = {
			isa = PBXGroup;
			children = (
				6D8F62EC26B7AF470086C939 /* TipCalculator */,
				6D8F630326B7AF480086C939 /* TipCalculatorTests */,
				6D8F630E26B7AF480086C939 /* TipCalculatorUITests */,
				6D8F62EB26B7AF470086C939 /* Products */,
			);
			sourceTree = "<group>";
		};
		6D8F62EB26B7AF470086C939 /* Products */ = {
			isa = PBXGroup;
			children = (
				6D8F62EA26B7AF470086C939 /* TipCalculator.app */,
				6D8F630026B7AF480086C939 /* TipCalculatorTests.xctest */,
				6D8F630B26B7AF480086C939 /* TipCalculatorUITests.xctest */,
			);
			name = Products;
			sourceTree = "<group>";
		};
		6D8F62EC26B7AF470086C939 /* TipCalculator */ = {
			isa = PBXGroup;
			children = (
				6D8F62ED26B7AF470086C939 /* AppDelegate.swift */,
				6D8F62EF26B7AF470086C939 /* SceneDelegate.swift */,
				6D8F62F126B7AF470086C939 /* ViewController.swift */,
				6D8F62F326B7AF470086C939 /* Main.storyboard */,
				6D8F631D26B7B18E0086C939 /* SettingsViewController.swift */,
				6D8F62F626B7AF480086C939 /* Assets.xcassets */,
				6D8F62F826B7AF480086C939 /* LaunchScreen.storyboard */,
				6D8F62FB26B7AF480086C939 /* Info.plist */,
			);
			path = TipCalculator;
			sourceTree = "<group>";
		};
		6D8F630326B7AF480086C939 /* TipCalculatorTests */ = {
			isa = PBXGroup;
			children = (
				6D8F630426B7AF480086C939 /* TipCalculatorTests.swift */,
				6D8F630626B7AF480086C939 /* Info.plist */,
			);
			path = TipCalculatorTests;
			sourceTree = "<group>";
		};
		6D8F630E26B7AF480086C939 /* TipCalculatorUITests */ = {
			isa = PBXGroup;
			children = (
				6D8F630F26B7AF480086C939 /* TipCalculatorUITests.swift */,
				6D8F631126B7AF480086C939 /* Info.plist */,
			);
			path = TipCalculatorUITests;
			sourceTree = "<group>";
		};
/* End PBXGroup section */

/* Begin PBXNativeTarget section */
		6D8F62E926B7AF470086C939 /* TipCalculator */ = {
			isa = PBXNativeTarget;
			buildConfigurationList = 6D8F631426B7AF490086C939 /* Build configuration list for PBXNativeTarget "TipCalculator" */;
			buildPhases = (
				6D8F62E626B7AF470086C939 /* Sources */,
				6D8F62E726B7AF470086C939 /* Frameworks */,
				6D8F62E826B7AF470086C939 /* Resources */,
			);
			buildRules = (
			);
			dependencies = (
			);
			name = TipCalculator;
			productName = TipCalculator;
			productReference = 6D8F62EA26B7AF470086C939 /* TipCalculator.app */;
			productType = "com.apple.product-type.application";
		};
		6D8F62FF26B7AF480086C939 /* TipCalculatorTests */ = {
			isa = PBXNativeTarget;
			buildConfigurationList = 6D8F631726B7AF490086C939 /* Build configuration list for PBXNativeTarget "TipCalculatorTests" */;
			buildPhases = (
				6D8F62FC26B7AF480086C939 /* Sources */,
				6D8F62FD26B7AF480086C939 /* Frameworks */,
				6D8F62FE26B7AF480086C939 /* Resources */,
			);
			buildRules = (
			);
			dependencies = (
				6D8F630226B7AF480086C939 /* PBXTargetDependency */,
			);
			name = TipCalculatorTests;
			productName = TipCalculatorTests;
			productReference = 6D8F630026B7AF480086C939 /* TipCalculatorTests.xctest */;
			productType = "com.apple.product-type.bundle.unit-test";
		};
		6D8F630A26B7AF480086C939 /* TipCalculatorUITests */ = {
			isa = PBXNativeTarget;
			buildConfigurationList = 6D8F631A26B7AF490086C939 /* Build configuration list for PBXNativeTarget "TipCalculatorUITests" */;
			buildPhases = (
				6D8F630726B7AF480086C939 /* Sources */,
				6D8F630826B7AF480086C939 /* Frameworks */,
				6D8F630926B7AF480086C939 /* Resources */,
			);
			buildRules = (
			);
			dependencies = (
				6D8F630D26B7AF480086C939 /* PBXTargetDependency */,
			);
			name = TipCalculatorUITests;
			productName = TipCalculatorUITests;
			productReference = 6D8F630B26B7AF480086C939 /* TipCalculatorUITests.xctest */;
			productType = "com.apple.product-type.bundle.ui-testing";
		};
/* End PBXNativeTarget section */

/* Begin PBXProject section */
		6D8F62E226B7AF470086C939 /* Project object */ = {
			isa = PBXProject;
			attributes = {
				LastSwiftUpdateCheck = 1250;
				LastUpgradeCheck = 1250;
				TargetAttributes = {
					6D8F62E926B7AF470086C939 = {
						CreatedOnToolsVersion = 12.5.1;
					};
					6D8F62FF26B7AF480086C939 = {
						CreatedOnToolsVersion = 12.5.1;
						TestTargetID = 6D8F62E926B7AF470086C939;
					};
					6D8F630A26B7AF480086C939 = {
						CreatedOnToolsVersion = 12.5.1;
						TestTargetID = 6D8F62E926B7AF470086C939;
					};
				};
			};
			buildConfigurationList = 6D8F62E526B7AF470086C939 /* Build configuration list for PBXProject "TipCalculator" */;
			compatibilityVersion = "Xcode 9.3";
			developmentRegion = en;
			hasScannedForEncodings = 0;
			knownRegions = (
				en,
				Base,
			);
			mainGroup = 6D8F62E126B7AF470086C939;
			productRefGroup = 6D8F62EB26B7AF470086C939 /* Products */;
			projectDirPath = "";
			projectRoot = "";
			targets = (
				6D8F62E926B7AF470086C939 /* TipCalculator */,
				6D8F62FF26B7AF480086C939 /* TipCalculatorTests */,
				6D8F630A26B7AF480086C939 /* TipCalculatorUITests */,
			);
		};
/* End PBXProject section */

/* Begin PBXResourcesBuildPhase section */
		6D8F62E826B7AF470086C939 /* Resources */ = {
			isa = PBXResourcesBuildPhase;
			buildActionMask = 2147483647;
			files = (
				6D8F62FA26B7AF480086C939 /* LaunchScreen.storyboard in Resources */,
				6D8F62F726B7AF480086C939 /* Assets.xcassets in Resources */,
				6D8F62F526B7AF470086C939 /* Main.storyboard in Resources */,
			);
			runOnlyForDeploymentPostprocessing = 0;
		};
		6D8F62FE26B7AF480086C939 /* Resources */ = {
			isa = PBXResourcesBuildPhase;
			buildActionMask = 2147483647;
			files = (
			);
			runOnlyForDeploymentPostprocessing = 0;
		};
		6D8F630926B7AF480086C939 /* Resources */ = {
			isa = PBXResourcesBuildPhase;
			buildActionMask = 2147483647;
			files = (
			);
			runOnlyForDeploymentPostprocessing = 0;
		};
/* End PBXResourcesBuildPhase section */

/* Begin PBXSourcesBuildPhase section */
		6D8F62E626B7AF470086C939 /* Sources */ = {
			isa = PBXSourcesBuildPhase;
			buildActionMask = 2147483647;
			files = (
				6D8F62F226B7AF470086C939 /* ViewController.swift in Sources */,
				6D8F62EE26B7AF470086C939 /* AppDelegate.swift in Sources */,
				6D8F62F026B7AF470086C939 /* SceneDelegate.swift in Sources */,
				6D8F631E26B7B18E0086C939 /* SettingsViewController.swift in Sources */,
			);
			runOnlyForDeploymentPostprocessing = 0;
		};
		6D8F62FC26B7AF480086C939 /* Sources */ = {
			isa = PBXSourcesBuildPhase;
			buildActionMask = 2147483647;
			files = (
				6D8F630526B7AF480086C939 /* TipCalculatorTests.swift in Sources */,
			);
			runOnlyForDeploymentPostprocessing = 0;
		};
		6D8F630726B7AF480086C939 /* Sources */ = {
			isa = PBXSourcesBuildPhase;
			buildActionMask = 2147483647;
			files = (
				6D8F631026B7AF480086C939 /* TipCalculatorUITests.swift in Sources */,
			);
			runOnlyForDeploymentPostprocessing = 0;
		};
/* End PBXSourcesBuildPhase section */

/* Begin PBXTargetDependency section */
		6D8F630226B7AF480086C939 /* PBXTargetDependency */ = {
			isa = PBXTargetDependency;
			target = 6D8F62E926B7AF470086C939 /* TipCalculator */;
			targetProxy = 6D8F630126B7AF480086C939 /* PBXContainerItemProxy */;
		};
		6D8F630D26B7AF480086C939 /* PBXTargetDependency */ = {
			isa = PBXTargetDependency;
			target = 6D8F62E926B7AF470086C939 /* TipCalculator */;
			targetProxy = 6D8F630C26B7AF480086C939 /* PBXContainerItemProxy */;
		};
/* End PBXTargetDependency section */

/* Begin PBXVariantGroup section */
		6D8F62F326B7AF470086C939 /* Main.storyboard */ = {
			isa = PBXVariantGroup;
			children = (
				6D8F62F426B7AF470086C939 /* Base */,
			);
			name = Main.storyboard;
			sourceTree = "<group>";
		};
		6D8F62F826B7AF480086C939 /* LaunchScreen.storyboard */ = {
			isa = PBXVariantGroup;
			children = (
				6D8F62F926B7AF480086C939 /* Base */,
			);
			name = LaunchScreen.storyboard;
			sourceTree = "<group>";
		};
/* End PBXVariantGroup section */

/* Begin XCBuildConfiguration section */
		6D8F631226B7AF490086C939 /* Debug */ = {
			isa = XCBuildConfiguration;
			buildSettings = {
				ALWAYS_SEARCH_USER_PATHS = NO;
				CLANG_ANALYZER_NONNULL = YES;
				CLANG_ANALYZER_NUMBER_OBJECT_CONVERSION = YES_AGGRESSIVE;
				CLANG_CXX_LANGUAGE_STANDARD = "gnu++14";
				CLANG_CXX_LIBRARY = "libc++";
				CLANG_ENABLE_MODULES = YES;
				CLANG_ENABLE_OBJC_ARC = YES;
				CLANG_ENABLE_OBJC_WEAK = YES;
				CLANG_WARN_BLOCK_CAPTURE_AUTORELEASING = YES;
				CLANG_WARN_BOOL_CONVERSION = YES;
				CLANG_WARN_COMMA = YES;
				CLANG_WARN_CONSTANT_CONVERSION = YES;
				CLANG_WARN_DEPRECATED_OBJC_IMPLEMENTATIONS = YES;
				CLANG_WARN_DIRECT_OBJC_ISA_USAGE = YES_ERROR;
				CLANG_WARN_DOCUMENTATION_COMMENTS = YES;
				CLANG_WARN_EMPTY_BODY = YES;
				CLANG_WARN_ENUM_CONVERSION = YES;
				CLANG_WARN_INFINITE_RECURSION = YES;
				CLANG_WARN_INT_CONVERSION = YES;
				CLANG_WARN_NON_LITERAL_NULL_CONVERSION = YES;
				CLANG_WARN_OBJC_IMPLICIT_RETAIN_SELF = YES;
				CLANG_WARN_OBJC_LITERAL_CONVERSION = YES;
				CLANG_WARN_OBJC_ROOT_CLASS = YES_ERROR;
				CLANG_WARN_QUOTED_INCLUDE_IN_FRAMEWORK_HEADER = YES;
				CLANG_WARN_RANGE_LOOP_ANALYSIS = YES;
				CLANG_WARN_STRICT_PROTOTYPES = YES;
				CLANG_WARN_SUSPICIOUS_MOVE = YES;
				CLANG_WARN_UNGUARDED_AVAILABILITY = YES_AGGRESSIVE;
				CLANG_WARN_UNREACHABLE_CODE = YES;
				CLANG_WARN__DUPLICATE_METHOD_MATCH = YES;
				COPY_PHASE_STRIP = NO;
				DEBUG_INFORMATION_FORMAT = dwarf;
				ENABLE_STRICT_OBJC_MSGSEND = YES;
				ENABLE_TESTABILITY = YES;
				GCC_C_LANGUAGE_STANDARD = gnu11;
				GCC_DYNAMIC_NO_PIC = NO;
				GCC_NO_COMMON_BLOCKS = YES;
				GCC_OPTIMIZATION_LEVEL = 0;
				GCC_PREPROCESSOR_DEFINITIONS = (
					"DEBUG=1",
					"$(inherited)",
				);
				GCC_WARN_64_TO_32_BIT_CONVERSION = YES;
				GCC_WARN_ABOUT_RETURN_TYPE = YES_ERROR;
				GCC_WARN_UNDECLARED_SELECTOR = YES;
				GCC_WARN_UNINITIALIZED_AUTOS = YES_AGGRESSIVE;
				GCC_WARN_UNUSED_FUNCTION = YES;
				GCC_WARN_UNUSED_VARIABLE = YES;
				IPHONEOS_DEPLOYMENT_TARGET = 14.5;
				MTL_ENABLE_DEBUG_INFO = INCLUDE_SOURCE;
				MTL_FAST_MATH = YES;
				ONLY_ACTIVE_ARCH = YES;
				SDKROOT = iphoneos;
				SWIFT_ACTIVE_COMPILATION_CONDITIONS = DEBUG;
				SWIFT_OPTIMIZATION_LEVEL = "-Onone";
			};
			name = Debug;
		};
		6D8F631326B7AF490086C939 /* Release */ = {
			isa = XCBuildConfiguration;
			buildSettings = {
				ALWAYS_SEARCH_USER_PATHS = NO;
				CLANG_ANALYZER_NONNULL = YES;
				CLANG_ANALYZER_NUMBER_OBJECT_CONVERSION = YES_AGGRESSIVE;
				CLANG_CXX_LANGUAGE_STANDARD = "gnu++14";
				CLANG_CXX_LIBRARY = "libc++";
				CLANG_ENABLE_MODULES = YES;
				CLANG_ENABLE_OBJC_ARC = YES;
				CLANG_ENABLE_OBJC_WEAK = YES;
				CLANG_WARN_BLOCK_CAPTURE_AUTORELEASING = YES;
				CLANG_WARN_BOOL_CONVERSION = YES;
				CLANG_WARN_COMMA = YES;
				CLANG_WARN_CONSTANT_CONVERSION = YES;
				CLANG_WARN_DEPRECATED_OBJC_IMPLEMENTATIONS = YES;
				CLANG_WARN_DIRECT_OBJC_ISA_USAGE = YES_ERROR;
				CLANG_WARN_DOCUMENTATION_COMMENTS = YES;
				CLANG_WARN_EMPTY_BODY = YES;
				CLANG_WARN_ENUM_CONVERSION = YES;
				CLANG_WARN_INFINITE_RECURSION = YES;
				CLANG_WARN_INT_CONVERSION = YES;
				CLANG_WARN_NON_LITERAL_NULL_CONVERSION = YES;
				CLANG_WARN_OBJC_IMPLICIT_RETAIN_SELF = YES;
				CLANG_WARN_OBJC_LITERAL_CONVERSION = YES;
				CLANG_WARN_OBJC_ROOT_CLASS = YES_ERROR;
				CLANG_WARN_QUOTED_INCLUDE_IN_FRAMEWORK_HEADER = YES;
				CLANG_WARN_RANGE_LOOP_ANALYSIS = YES;
				CLANG_WARN_STRICT_PROTOTYPES = YES;
				CLANG_WARN_SUSPICIOUS_MOVE = YES;
				CLANG_WARN_UNGUARDED_AVAILABILITY = YES_AGGRESSIVE;
				CLANG_WARN_UNREACHABLE_CODE = YES;
				CLANG_WARN__DUPLICATE_METHOD_MATCH = YES;
				COPY_PHASE_STRIP = NO;
				DEBUG_INFORMATION_FORMAT = "dwarf-with-dsym";
				ENABLE_NS_ASSERTIONS = NO;
				ENABLE_STRICT_OBJC_MSGSEND = YES;
				GCC_C_LANGUAGE_STANDARD = gnu11;
				GCC_NO_COMMON_BLOCKS = YES;
				GCC_WARN_64_TO_32_BIT_CONVERSION = YES;
				GCC_WARN_ABOUT_RETURN_TYPE = YES_ERROR;
				GCC_WARN_UNDECLARED_SELECTOR = YES;
				GCC_WARN_UNINITIALIZED_AUTOS = YES_AGGRESSIVE;
				GCC_WARN_UNUSED_FUNCTION = YES;
				GCC_WARN_UNUSED_VARIABLE = YES;
				IPHONEOS_DEPLOYMENT_TARGET = 14.5;
				MTL_ENABLE_DEBUG_INFO = NO;
				MTL_FAST_MATH = YES;
				SDKROOT = iphoneos;
				SWIFT_COMPILATION_MODE = wholemodule;
				SWIFT_OPTIMIZATION_LEVEL = "-O";
				VALIDATE_PRODUCT = YES;
			};
			name = Release;
		};
		6D8F631526B7AF490086C939 /* Debug */ = {
			isa = XCBuildConfiguration;
			buildSettings = {
				ASSETCATALOG_COMPILER_APPICON_NAME = AppIcon;
				ASSETCATALOG_COMPILER_GLOBAL_ACCENT_COLOR_NAME = AccentColor;
				CODE_SIGN_STYLE = Automatic;
				INFOPLIST_FILE = TipCalculator/Info.plist;
				LD_RUNPATH_SEARCH_PATHS = (
					"$(inherited)",
					"@executable_path/Frameworks",
				);
				PRODUCT_BUNDLE_IDENTIFIER = HoangCaoBao.TipCalculator;
				PRODUCT_NAME = "$(TARGET_NAME)";
				SWIFT_VERSION = 5.0;
				TARGETED_DEVICE_FAMILY = "1,2";
			};
			name = Debug;
		};
		6D8F631626B7AF490086C939 /* Release */ = {
			isa = XCBuildConfiguration;
			buildSettings = {
				ASSETCATALOG_COMPILER_APPICON_NAME = AppIcon;
				ASSETCATALOG_COMPILER_GLOBAL_ACCENT_COLOR_NAME = AccentColor;
				CODE_SIGN_STYLE = Automatic;
				INFOPLIST_FILE = TipCalculator/Info.plist;
				LD_RUNPATH_SEARCH_PATHS = (
					"$(inherited)",
					"@executable_path/Frameworks",
				);
				PRODUCT_BUNDLE_IDENTIFIER = HoangCaoBao.TipCalculator;
				PRODUCT_NAME = "$(TARGET_NAME)";
				SWIFT_VERSION = 5.0;
				TARGETED_DEVICE_FAMILY = "1,2";
			};
			name = Release;
		};
		6D8F631826B7AF490086C939 /* Debug */ = {
			isa = XCBuildConfiguration;
			buildSettings = {
				ALWAYS_EMBED_SWIFT_STANDARD_LIBRARIES = YES;
				BUNDLE_LOADER = "$(TEST_HOST)";
				CODE_SIGN_STYLE = Automatic;
				INFOPLIST_FILE = TipCalculatorTests/Info.plist;
				IPHONEOS_DEPLOYMENT_TARGET = 14.5;
				LD_RUNPATH_SEARCH_PATHS = (
					"$(inherited)",
					"@executable_path/Frameworks",
					"@loader_path/Frameworks",
				);
				PRODUCT_BUNDLE_IDENTIFIER = HoangCaoBao.TipCalculatorTests;
				PRODUCT_NAME = "$(TARGET_NAME)";
				SWIFT_VERSION = 5.0;
				TARGETED_DEVICE_FAMILY = "1,2";
				TEST_HOST = "$(BUILT_PRODUCTS_DIR)/TipCalculator.app/TipCalculator";
			};
			name = Debug;
		};
		6D8F631926B7AF490086C939 /* Release */ = {
			isa = XCBuildConfiguration;
			buildSettings = {
				ALWAYS_EMBED_SWIFT_STANDARD_LIBRARIES = YES;
				BUNDLE_LOADER = "$(TEST_HOST)";
				CODE_SIGN_STYLE = Automatic;
				INFOPLIST_FILE = TipCalculatorTests/Info.plist;
				IPHONEOS_DEPLOYMENT_TARGET = 14.5;
				LD_RUNPATH_SEARCH_PATHS = (
					"$(inherited)",
					"@executable_path/Frameworks",
					"@loader_path/Frameworks",
				);
				PRODUCT_BUNDLE_IDENTIFIER = HoangCaoBao.TipCalculatorTests;
				PRODUCT_NAME = "$(TARGET_NAME)";
				SWIFT_VERSION = 5.0;
				TARGETED_DEVICE_FAMILY = "1,2";
				TEST_HOST = "$(BUILT_PRODUCTS_DIR)/TipCalculator.app/TipCalculator";
			};
			name = Release;
		};
		6D8F631B26B7AF490086C939 /* Debug */ = {
			isa = XCBuildConfiguration;
			buildSettings = {
				ALWAYS_EMBED_SWIFT_STANDARD_LIBRARIES = YES;
				CODE_SIGN_STYLE = Automatic;
				INFOPLIST_FILE = TipCalculatorUITests/Info.plist;
				LD_RUNPATH_SEARCH_PATHS = (
					"$(inherited)",
					"@executable_path/Frameworks",
					"@loader_path/Frameworks",
				);
				PRODUCT_BUNDLE_IDENTIFIER = HoangCaoBao.TipCalculatorUITests;
				PRODUCT_NAME = "$(TARGET_NAME)";
				SWIFT_VERSION = 5.0;
				TARGETED_DEVICE_FAMILY = "1,2";
				TEST_TARGET_NAME = TipCalculator;
			};
			name = Debug;
		};
		6D8F631C26B7AF490086C939 /* Release */ = {
			isa = XCBuildConfiguration;
			buildSettings = {
				ALWAYS_EMBED_SWIFT_STANDARD_LIBRARIES = YES;
				CODE_SIGN_STYLE = Automatic;
				INFOPLIST_FILE = TipCalculatorUITests/Info.plist;
				LD_RUNPATH_SEARCH_PATHS = (
					"$(inherited)",
					"@executable_path/Frameworks",
					"@loader_path/Frameworks",
				);
				PRODUCT_BUNDLE_IDENTIFIER = HoangCaoBao.TipCalculatorUITests;
				PRODUCT_NAME = "$(TARGET_NAME)";
				SWIFT_VERSION = 5.0;
				TARGETED_DEVICE_FAMILY = "1,2";
				TEST_TARGET_NAME = TipCalculator;
			};
			name = Release;
		};
/* End XCBuildConfiguration section */

/* Begin XCConfigurationList section */
		6D8F62E526B7AF470086C939 /* Build configuration list for PBXProject "TipCalculator" */ = {
			isa = XCConfigurationList;
			buildConfigurations = (
				6D8F631226B7AF490086C939 /* Debug */,
				6D8F631326B7AF490086C939 /* Release */,
			);
			defaultConfigurationIsVisible = 0;
			defaultConfigurationName = Release;
		};
		6D8F631426B7AF490086C939 /* Build configuration list for PBXNativeTarget "TipCalculator" */ = {
			isa = XCConfigurationList;
			buildConfigurations = (
				6D8F631526B7AF490086C939 /* Debug */,
				6D8F631626B7AF490086C939 /* Release */,
			);
			defaultConfigurationIsVisible = 0;
			defaultConfigurationName = Release;
		};
		6D8F631726B7AF490086C939 /* Build configuration list for PBXNativeTarget "TipCalculatorTests" */ = {
			isa = XCConfigurationList;
			buildConfigurations = (
				6D8F631826B7AF490086C939 /* Debug */,
				6D8F631926B7AF490086C939 /* Release */,
			);
			defaultConfigurationIsVisible = 0;
			defaultConfigurationName = Release;
		};
		6D8F631A26B7AF490086C939 /* Build configuration list for PBXNativeTarget "TipCalculatorUITests" */ = {
			isa = XCConfigurationList;
			buildConfigurations = (
				6D8F631B26B7AF490086C939 /* Debug */,
				6D8F631C26B7AF490086C939 /* Release */,
			);
			defaultConfigurationIsVisible = 0;
			defaultConfigurationName = Release;
		};
/* End XCConfigurationList section */
	};
	rootObject = 6D8F62E226B7AF470086C939 /* Project object */;
}
